
Microsoft Visual Studio Solution File, Format Version 12.00
# Visual Studio 15
Project("{FAE04EC0-301F-11D3-BF4B-00C04F79EFBC}") = "Assembly-CSharp", "Assembly-CSharp.csproj", "{D973CBAE-AF5C-67C8-9EC3-328FB0F61F9B}"
EndProject
Project("{FAE04EC0-301F-11D3-BF4B-00C04F79EFBC}") = "AstarPathfindingProject", "AstarPathfindingProject.csproj", "{937E76FC-6857-BF20-DEA0-E2EDAE67BA9E}"
EndProject
Project("{FAE04EC0-301F-11D3-BF4B-00C04F79EFBC}") = "AstarPathfindingProjectEditor", "AstarPathfindingProjectEditor.csproj", "{476ECFE9-7488-4E60-E336-C0BCADD08AE4}"
EndProject
Project("{FAE04EC0-301F-11D3-BF4B-00C04F79EFBC}") = "PackageToolsEditor", "PackageToolsEditor.csproj", "{00452A33-F79D-5608-7316-F72C42F17A0C}"
EndProject
Global
	GlobalSection(SolutionConfigurationPlatforms) = preSolution
		Debug|Any CPU = Debug|Any CPU
		Release|Any CPU = Release|Any CPU
	EndGlobalSection
	GlobalSection(ProjectConfigurationPlatforms) = postSolution
		{D973CBAE-AF5C-67C8-9EC3-328FB0F61F9B}.Debug|Any CPU.ActiveCfg = Debug|Any CPU
		{D973CBAE-AF5C-67C8-9EC3-328FB0F61F9B}.Debug|Any CPU.Build.0 = Debug|Any CPU
		{D973CBAE-AF5C-67C8-9EC3-328FB0F61F9B}.Release|Any CPU.ActiveCfg = Release|Any CPU
		{D973CBAE-AF5C-67C8-9EC3-328FB0F61F9B}.Release|Any CPU.Build.0 = Release|Any CPU
		{937E76FC-6857-BF20-DEA0-E2EDAE67BA9E}.Debug|Any CPU.ActiveCfg = Debug|Any CPU
		{937E76FC-6857-BF20-DEA0-E2EDAE67BA9E}.Debug|Any CPU.Build.0 = Debug|Any CPU
		{937E76FC-6857-BF20-DEA0-E2EDAE67BA9E}.Release|Any CPU.ActiveCfg = Release|Any CPU
		{937E76FC-6857-BF20-DEA0-E2EDAE67BA9E}.Release|Any CPU.Build.0 = Release|Any CPU
		{476ECFE9-7488-4E60-E336-C0BCADD08AE4}.Debug|Any CPU.ActiveCfg = Debug|Any CPU
		{476ECFE9-7488-4E60-E336-C0BCADD08AE4}.Debug|Any CPU.Build.0 = Debug|Any CPU
		{476ECFE9-7488-4E60-E336-C0BCADD08AE4}.Release|Any CPU.ActiveCfg = Release|Any CPU
		{476ECFE9-7488-4E60-E336-C0BCADD08AE4}.Release|Any CPU.Build.0 = Release|Any CPU
		{00452A33-F79D-5608-7316-F72C42F17A0C}.Debug|Any CPU.ActiveCfg = Debug|Any CPU
		{00452A33-F79D-5608-7316-F72C42F17A0C}.Debug|Any CPU.Build.0 = Debug|Any CPU
		{00452A33-F79D-5608-7316-F72C42F17A0C}.Release|Any CPU.ActiveCfg = Release|Any CPU
		{00452A33-F79D-5608-7316-F72C42F17A0C}.Release|Any CPU.Build.0 = Release|Any CPU
	EndGlobalSection
	GlobalSection(SolutionProperties) = preSolution
		HideSolutionNode = FALSE
	EndGlobalSection
EndGlobal
